<?xml version="1.0" encoding="UTF-8" standalone="yes" ?>
<CodeBlocks_project_file>
	<FileVersion major="1" minor="6" />
	<Project>
		<Option title="TouchDimmer2" />
		<Option makefile_is_custom="1" />
		<Option pch_mode="2" />
		<Option compiler="arduino_gcc" />
		<MakeCommands>
			<Build command="" />
			<CompileFile command="" />
			<Clean command="" />
			<DistClean command="$make -f $makefile distclean$target" />
			<AskRebuildNeeded command="" />
			<SilentBuild command=" &gt; $(CMD_NULL)" />
		</MakeCommands>
		<Build>
			<Target title="ATtiny45-8MHz">
				<Option output="build-$(TARGET_NAME)/$(PROJECT_NAME).hex" prefix_auto="0" extension_auto="0" />
				<Option object_output="build" />
				<Option type="1" />
				<Option compiler="arduino_gcc" />
				<Compiler>
					<Add option="-Os" />
					<Add option="-O2" />
					<Add option="-x c++" />
					<Add option="-mmcu=$(MCU)" />
					<Add option="-DF_CPU=16000000L" />
					<Add option="-D__AVR_ATmega328P__" />
					<Add directory="$(ARDUINO_DIR)/hardware/arduino/cores/arduino" />
					<Add directory="$(ARDUINO_DIR)/libraries" />
					<Add directory="$(ARDUINO_DIR)/hardware/arduino/variants/standard" />
				</Compiler>
				<Linker>
					<Add option="-s" />
					<Add option="-mmcu=$(MCU)" />
					<Add option='&quot;$(PROJECT_DIR)${TARGET_OUTPUT_DIR}/lib_${BOARD_ID}_${MCU_CLOCK}.a&quot;' />
					<Add option='&quot;$(PROJECT_DIR)${TARGET_OUTPUT_DIR}/core_${BOARD_ID}_${MCU_CLOCK}.a&quot;' />
					<Add option="-Wl,-Map=$(TARGET_OUTPUT_FILE).map,--cref" />
				</Linker>
				<Environment>
					<Variable name="ALTERNATE_CORE" value="ATTinyCore" />
					<Variable name="BOARD_SUB" value="45" />
					<Variable name="BOARD_TAG" value="attinyx5" />
					<Variable name="F_CPU" value="8000000L" />
					<Variable name="VARIANT" value="tinyX5" />
				</Environment>
				<MakeCommands>
					<Build command="$make -f $makefile ALTERNATE_CORE=ATTinyCore BOARD_TAG=attinyx5 BOARD_SUB=45 VARIANT=tinyX5 F_CPU=8000000L" />
					<CompileFile command="" />
					<Clean command="$make -f $makefile clean ALTERNATE_CORE=ATTinyCore BOARD_TAG=attinyx5 BOARD_SUB=45 VARIANT=tinyX5 F_CPU=8000000L" />
					<DistClean command="" />
					<AskRebuildNeeded command="$make -q -f $makefile clean ALTERNATE_CORE=ATTinyCore BOARD_TAG=attinyx5 BOARD_SUB=45 VARIANT=tinyX5 F_CPU=8000000L" />
					<SilentBuild command="$make -f $makefile ALTERNATE_CORE=ATTinyCore BOARD_TAG=attinyx5 BOARD_SUB=45 VARIANT=tinyX5 F_CPU=8000000L &gt; $(CMD_NULL)" />
				</MakeCommands>
			</Target>
			<Target title="ATtiny85-8MHz">
				<Option output="build-$(TARGET_NAME)/$(PROJECT_NAME).hex" prefix_auto="0" extension_auto="0" />
				<Option object_output="build" />
				<Option type="1" />
				<Option compiler="arduino_gcc" />
				<Compiler>
					<Add option="-Os" />
					<Add option="-O2" />
					<Add option="-x c++" />
					<Add option="-mmcu=$(MCU)" />
					<Add option="-DF_CPU=16000000L" />
					<Add option="-D__AVR_ATmega328P__" />
					<Add directory="$(ARDUINO_DIR)/hardware/arduino/cores/arduino" />
					<Add directory="$(ARDUINO_DIR)/libraries" />
					<Add directory="$(ARDUINO_DIR)/hardware/arduino/variants/standard" />
				</Compiler>
				<Linker>
					<Add option="-s" />
					<Add option="-mmcu=$(MCU)" />
					<Add option='&quot;$(PROJECT_DIR)${TARGET_OUTPUT_DIR}/lib_${BOARD_ID}_${MCU_CLOCK}.a&quot;' />
					<Add option='&quot;$(PROJECT_DIR)${TARGET_OUTPUT_DIR}/core_${BOARD_ID}_${MCU_CLOCK}.a&quot;' />
					<Add option="-Wl,-Map=$(TARGET_OUTPUT_FILE).map,--cref" />
				</Linker>
				<Environment>
					<Variable name="ALTERNATE_CORE" value="ATTinyCore" />
					<Variable name="BOARD_SUB" value="85" />
					<Variable name="BOARD_TAG" value="attinyx5" />
					<Variable name="F_CPU" value="8000000L" />
					<Variable name="VARIANT" value="tinyX5" />
				</Environment>
				<MakeCommands>
					<Build command="$make -f $makefile ALTERNATE_CORE=ATTinyCore BOARD_TAG=attinyx5 BOARD_SUB=85 VARIANT=tinyX5 F_CPU=8000000L" />
					<CompileFile command="" />
					<Clean command="$make -f $makefile clean ALTERNATE_CORE=ATTinyCore BOARD_TAG=attinyx5 BOARD_SUB=85 VARIANT=tinyX5 F_CPU=8000000L" />
					<DistClean command="" />
					<AskRebuildNeeded command="$make -q -f $makefile clean ALTERNATE_CORE=ATTinyCore BOARD_TAG=attinyx5 BOARD_SUB=85 VARIANT=tinyX5 F_CPU=8000000L" />
					<SilentBuild command="$make -f $makefile ALTERNATE_CORE=ATTinyCore BOARD_TAG=attinyx5 BOARD_SUB=85 VARIANT=tinyX5 F_CPU=8000000L &gt; $(CMD_NULL)" />
				</MakeCommands>
			</Target>
			<Target title="uno">
				<Option output="build-$(TARGET_NAME)/$(PROJECT_NAME).hex" prefix_auto="0" extension_auto="0" />
				<Option object_output="build" />
				<Option type="1" />
				<Option compiler="arduino_gcc" />
				<Compiler>
					<Add option="-Os" />
					<Add option="-mmcu=$(MCU)" />
					<Add option="-DF_CPU=16000000L" />
					<Add option="-D__AVR_ATmega328P__" />
					<Add directory="$(ARDUINO_DIR)/hardware/arduino/avr/cores/arduino" />
					<Add directory="$(ARDUINO_DIR)/hardware/arduino/avr/variants/standard" />
				</Compiler>
				<Linker>
					<Add option="-s" />
					<Add option="-mmcu=$(MCU)" />
					<Add option="-Wl,-Map=$(TARGET_OUTPUT_FILE).map,--cref" />
				</Linker>
				<MakeCommands>
					<Build command="$make -f $makefile BOARD_TAG=uno" />
					<CompileFile command="" />
					<Clean command="$make -f $makefile clean BOARD_TAG=uno" />
					<DistClean command="$make -f $makefile distclean$target" />
					<AskRebuildNeeded command="$make -q -f $makefile BOARD_TAG=uno" />
					<SilentBuild command="$make -f $makefile BOARD_TAG=uno &gt; $(CMD_NULL)" />
				</MakeCommands>
			</Target>
			<Target title="pro-8MHzatmega328">
				<Option output="build-$(TARGET_NAME)/$(PROJECT_NAME).hex" prefix_auto="0" extension_auto="0" />
				<Option object_output="build" />
				<Option type="1" />
				<Option compiler="arduino_gcc" />
				<Compiler>
					<Add option="-Os" />
					<Add option="-O2" />
					<Add option="-x c++" />
					<Add option="-mmcu=$(MCU)" />
					<Add option="-DF_CPU=16000000L" />
					<Add option="-D__AVR_ATmega328P__" />
					<Add directory="$(ARDUINO_DIR)/hardware/arduino/cores/arduino" />
					<Add directory="$(ARDUINO_DIR)/libraries" />
					<Add directory="$(ARDUINO_DIR)/hardware/arduino/variants/standard" />
				</Compiler>
				<Linker>
					<Add option="-s" />
					<Add option="-mmcu=$(MCU)" />
					<Add option='&quot;$(PROJECT_DIR)${TARGET_OUTPUT_DIR}/lib_${BOARD_ID}_${MCU_CLOCK}.a&quot;' />
					<Add option='&quot;$(PROJECT_DIR)${TARGET_OUTPUT_DIR}/core_${BOARD_ID}_${MCU_CLOCK}.a&quot;' />
					<Add option="-Wl,-Map=$(TARGET_OUTPUT_FILE).map,--cref" />
				</Linker>
				<Environment>
					<Variable name="BOARD_SUB" value="8MHzatmega328" />
					<Variable name="BOARD_TAG" value="pro" />
				</Environment>
				<MakeCommands>
					<Build command="$make -f $makefile BOARD_TAG=pro BOARD_SUB=8MHzatmega328" />
					<CompileFile command="" />
					<Clean command="$make -f $makefile clean BOARD_TAG=pro BOARD_SUB=8MHzatmega328" />
					<DistClean command="" />
					<AskRebuildNeeded command="$make -q -f $makefile clean BOARD_TAG=pro BOARD_SUB=8MHzatmega328" />
					<SilentBuild command="$make -f $makefile BOARD_TAG=pro BOARD_SUB=8MHzatmega328 &gt; $(CMD_NULL)" />
				</MakeCommands>
			</Target>
			<Target title="ATtiny2313-1MHz">
				<Option output="build-$(TARGET_NAME)/$(PROJECT_NAME).hex" prefix_auto="0" extension_auto="0" />
				<Option object_output="build" />
				<Option type="1" />
				<Option compiler="arduino_gcc" />
				<Compiler>
					<Add option="-Os" />
					<Add option="-O2" />
					<Add option="-x c++" />
					<Add option="-mmcu=$(MCU)" />
					<Add option="-DF_CPU=16000000L" />
					<Add option="-D__AVR_ATmega328P__" />
					<Add directory="$(ARDUINO_DIR)/hardware/arduino/cores/arduino" />
					<Add directory="$(ARDUINO_DIR)/libraries" />
					<Add directory="$(ARDUINO_DIR)/hardware/arduino/variants/standard" />
				</Compiler>
				<Linker>
					<Add option="-s" />
					<Add option="-mmcu=$(MCU)" />
					<Add option='&quot;$(PROJECT_DIR)${TARGET_OUTPUT_DIR}/lib_${BOARD_ID}_${MCU_CLOCK}.a&quot;' />
					<Add option='&quot;$(PROJECT_DIR)${TARGET_OUTPUT_DIR}/core_${BOARD_ID}_${MCU_CLOCK}.a&quot;' />
					<Add option="-Wl,-Map=$(TARGET_OUTPUT_FILE).map,--cref" />
				</Linker>
				<Environment>
					<Variable name="ALTERNATE_CORE" value="ATTinyCore" />
					<Variable name="BOARD_SUB" value="2313" />
					<Variable name="BOARD_TAG" value="attinyx313" />
					<Variable name="F_CPU" value="1000000L" />
					<Variable name="VARIANT" value="tinyX313" />
				</Environment>
				<MakeCommands>
					<Build command="$make -f $makefile ALTERNATE_CORE=$ALTERNATE_CORE BOARD_TAG=$BOARD_TAG BOARD_SUB=$BOARD_SUB VARIANT=$VARIANT F_CPU=$F_CPU" />
					<CompileFile command="" />
					<Clean command="$make -f $makefile clean ALTERNATE_CORE=$ALTERNATE_CORE BOARD_TAG=$BOARD_TAG BOARD_SUB=$BOARD_SUB VARIANT=$VARIANT F_CPU=$F_CPU" />
					<DistClean command="" />
					<AskRebuildNeeded command="$make -q -f $makefile clean ALTERNATE_CORE=$ALTERNATE_CORE BOARD_TAG=$BOARD_TAG BOARD_SUB=$BOARD_SUB VARIANT=$VARIANT F_CPU=$F_CPU" />
					<SilentBuild command="$make -f $makefile ALTERNATE_CORE=$ALTERNATE_CORE BOARD_TAG=$BOARD_TAG BOARD_SUB=$BOARD_SUB VARIANT=$VARIANT F_CPU=$F_CPU &gt; $(CMD_NULL)" />
				</MakeCommands>
			</Target>
		</Build>
		<Compiler>
			<Add directory="." />
			<Add directory="$(ARDUINO_CONTRIB_LIB_DIR)/Newliquidcrystal_1.3.5" />
		</Compiler>
		<Unit filename="Makefile" />
		<Unit filename="sm_dimmer.c">
			<Option compilerVar="CC" />
		</Unit>
		<Unit filename="sm_dimmer.h" />
		<Unit filename="statemachine.c">
			<Option compilerVar="CC" />
		</Unit>
		<Unit filename="statemachine.h" />
		<Unit filename="tdimmer.ino" />
		<Extensions>
			<code_completion>
				<search_path add="$(GET_DOCUMENTS_DIR)\Arduino\libraries\Keypad\src" />
				<search_path add="C:\Arduino\hardware\arduino\avr\libraries\SoftwareSerial" />
			</code_completion>
			<envvars />
			<debugger />
		</Extensions>
	</Project>
</CodeBlocks_project_file>
